dependencies:
  espressif/cmake_utilities:
    component_hash: 351350613ceafba240b761b4ea991e0f231ac7a9f59a9ee901f751bddc0bb18f
    source:
      service_url: https://api.components.espressif.com/
      type: service
    version: 0.5.3
  espressif/esp_lcd_ili9341:
    component_hash: c6b96c14fa22ab9b80251812f7dbd7dd1b255ccd68abb0cef97a276df711a4ec
    source:
      service_url: https://api.components.espressif.com/
      type: service
    version: 2.0.0
  idf:
    component_hash: null
    source:
      type: idf
    version: 5.1.2
manifest_hash: 9e83723634ce1d9c9eb4719c16bb63c5f4e0b6a4442725effb37549d70cc9e3b
target: esp32
version: 1.0.0
